
Microsoft Visual Studio Solution File, Format Version 12.00
# Visual Studio Version 17
VisualStudioVersion = 17.0.31903.59
MinimumVisualStudioVersion = 10.0.40219.1
Project("{9A19103F-16F7-4668-BE54-9A1E7A4F7556}") = "Z9WTNS_JDA4YZ", "Z9WTNS_JDA4YZ\Z9WTNS_JDA4YZ.csproj", "{577E463C-3F45-46DC-9D94-9160B41DC69C}"
EndProject
Project("{FAE04EC0-301F-11D3-BF4B-00C04F79EFBC}") = "Z9WTNS_JDA4YZ.Tests", "Z9WTNS_JDA4YZ.Tests\Z9WTNS_JDA4YZ.Tests.csproj", "{709466D4-AFC9-4FAF-B498-AC7E4C80A835}"
EndProject
Global
	GlobalSection(SolutionConfigurationPlatforms) = preSolution
		Debug|Any CPU = Debug|Any CPU
		Release|Any CPU = Release|Any CPU
	EndGlobalSection
	GlobalSection(ProjectConfigurationPlatforms) = postSolution
		{577E463C-3F45-46DC-9D94-9160B41DC69C}.Debug|Any CPU.ActiveCfg = Debug|Any CPU
		{577E463C-3F45-46DC-9D94-9160B41DC69C}.Debug|Any CPU.Build.0 = Debug|Any CPU
		{577E463C-3F45-46DC-9D94-9160B41DC69C}.Release|Any CPU.ActiveCfg = Release|Any CPU
		{577E463C-3F45-46DC-9D94-9160B41DC69C}.Release|Any CPU.Build.0 = Release|Any CPU
		{709466D4-AFC9-4FAF-B498-AC7E4C80A835}.Debug|Any CPU.ActiveCfg = Debug|Any CPU
		{709466D4-AFC9-4FAF-B498-AC7E4C80A835}.Debug|Any CPU.Build.0 = Debug|Any CPU
		{709466D4-AFC9-4FAF-B498-AC7E4C80A835}.Release|Any CPU.ActiveCfg = Release|Any CPU
		{709466D4-AFC9-4FAF-B498-AC7E4C80A835}.Release|Any CPU.Build.0 = Release|Any CPU
	EndGlobalSection
	GlobalSection(SolutionProperties) = preSolution
		HideSolutionNode = FALSE
	EndGlobalSection
	GlobalSection(ExtensibilityGlobals) = postSolution
		SolutionGuid = {0D3CBD43-E28D-4CEA-98E8-5FA2FC0FD1DF}
	EndGlobalSection
EndGlobal
