
Microsoft Visual Studio Solution File, Format Version 12.00
# Visual Studio Version 17
VisualStudioVersion = 17.0.31903.59
MinimumVisualStudioVersion = 10.0.40219.1
Project("{FAE04EC0-301F-11D3-BF4B-00C04F79EFBC}") = "QYWSR3", "QYWSR3\QYWSR3.csproj", "{5E0A184B-0A60-4730-8BE3-456CC34445EB}"
EndProject
Global
	GlobalSection(SolutionConfigurationPlatforms) = preSolution
		Debug|Any CPU = Debug|Any CPU
		Release|Any CPU = Release|Any CPU
	EndGlobalSection
	GlobalSection(SolutionProperties) = preSolution
		HideSolutionNode = FALSE
	EndGlobalSection
	GlobalSection(ProjectConfigurationPlatforms) = postSolution
		{5E0A184B-0A60-4730-8BE3-456CC34445EB}.Debug|Any CPU.ActiveCfg = Debug|Any CPU
		{5E0A184B-0A60-4730-8BE3-456CC34445EB}.Debug|Any CPU.Build.0 = Debug|Any CPU
		{5E0A184B-0A60-4730-8BE3-456CC34445EB}.Release|Any CPU.ActiveCfg = Release|Any CPU
		{5E0A184B-0A60-4730-8BE3-456CC34445EB}.Release|Any CPU.Build.0 = Release|Any CPU
	EndGlobalSection
EndGlobal
